
Microsoft Visual Studio Solution File, Format Version 12.00
# Visual Studio Version 16
VisualStudioVersion = 16.0.28803.452
MinimumVisualStudioVersion = 10.0.40219.1
Project("{FAE04EC0-301F-11D3-BF4B-00C04F79EFBC}") = "Helper4U", "Helper4U.csproj", "{B0BB5410-65CE-4EAE-9C76-2E70437BEA55}"
EndProject
Global
	GlobalSection(SolutionConfigurationPlatforms) = preSolution
		Debug|Any CPU = Debug|Any CPU
		Release|Any CPU = Release|Any CPU
	EndGlobalSection
	GlobalSection(ProjectConfigurationPlatforms) = postSolution
		{B0BB5410-65CE-4EAE-9C76-2E70437BEA55}.Debug|Any CPU.ActiveCfg = Debug|Any CPU
		{B0BB5410-65CE-4EAE-9C76-2E70437BEA55}.Debug|Any CPU.Build.0 = Debug|Any CPU
		{B0BB5410-65CE-4EAE-9C76-2E70437BEA55}.Release|Any CPU.ActiveCfg = Release|Any CPU
		{B0BB5410-65CE-4EAE-9C76-2E70437BEA55}.Release|Any CPU.Build.0 = Release|Any CPU
	EndGlobalSection
	GlobalSection(SolutionProperties) = preSolution
		HideSolutionNode = FALSE
	EndGlobalSection
	GlobalSection(ExtensibilityGlobals) = postSolution
		SolutionGuid = {A1DFA58B-6611-4154-9A2A-01BD219027E0}
	EndGlobalSection
EndGlobal
